// !$*UTF8*$!
{
	archiveVersion = 1;
	classes = {
	};
	objectVersion = 52;
	objects = {

/* Begin PBXBuildFile section */
		D81507DF25FD0D5300290DD2 /* Calendar.swift in Sources */ = {isa = PBXBuildFile; fileRef = D81507DE25FD0D5300290DD2 /* Calendar.swift */; };
		D81507E725FD8AF600290DD2 /* Manager.swift in Sources */ = {isa = PBXBuildFile; fileRef = D81507E625FD8AF600290DD2 /* Manager.swift */; };
		D81507EC25FDB05100290DD2 /* EKEvent.swift in Sources */ = {isa = PBXBuildFile; fileRef = D81507EB25FDB05100290DD2 /* EKEvent.swift */; };
		D81ABC29267530040067A5DE /* Debug.xcconfig in Resources */ = {isa = PBXBuildFile; fileRef = D81ABC26267530040067A5DE /* Debug.xcconfig */; };
		D81ABC2A267530040067A5DE /* Release.xcconfig in Resources */ = {isa = PBXBuildFile; fileRef = D81ABC27267530040067A5DE /* Release.xcconfig */; };
		D81ABC2B267530040067A5DE /* Common.xcconfig in Resources */ = {isa = PBXBuildFile; fileRef = D81ABC28267530040067A5DE /* Common.xcconfig */; };
		D832648528E8EAA300D1C1B7 /* Date.swift in Sources */ = {isa = PBXBuildFile; fileRef = D832648428E8EAA300D1C1B7 /* Date.swift */; };
		D832648828E8EBF300D1C1B7 /* DateRangeIterator.swift in Sources */ = {isa = PBXBuildFile; fileRef = D832648728E8EBF300D1C1B7 /* DateRangeIterator.swift */; };
		D8805D9626039D4D00C23C11 /* Int.swift in Sources */ = {isa = PBXBuildFile; fileRef = D8805D9526039D4D00C23C11 /* Int.swift */; };
		D8805D9B26039DED00C23C11 /* CheckboxStyle.swift in Sources */ = {isa = PBXBuildFile; fileRef = D8805D9A26039DED00C23C11 /* CheckboxStyle.swift */; };
		D8805DA02603A0A700C23C11 /* EKEventStore.swift in Sources */ = {isa = PBXBuildFile; fileRef = D8805D9F2603A0A700C23C11 /* EKEventStore.swift */; };
		D8D3B3D628E7CB8700A610D4 /* Diligence in Frameworks */ = {isa = PBXBuildFile; productRef = D8D3B3D528E7CB8700A610D4 /* Diligence */; };
		D8D3B3DB28E7D6EF00A610D4 /* overview-license in Resources */ = {isa = PBXBuildFile; fileRef = D8D3B3DA28E7D69700A610D4 /* overview-license */; };
		D8DCDDD925F664440083DF48 /* OverviewApp.swift in Sources */ = {isa = PBXBuildFile; fileRef = D8DCDDD825F664440083DF48 /* OverviewApp.swift */; };
		D8DCDDDB25F664440083DF48 /* ContentView.swift in Sources */ = {isa = PBXBuildFile; fileRef = D8DCDDDA25F664440083DF48 /* ContentView.swift */; };
		D8DCDDDD25F664450083DF48 /* Assets.xcassets in Resources */ = {isa = PBXBuildFile; fileRef = D8DCDDDC25F664450083DF48 /* Assets.xcassets */; };
		D8DCDDE025F664450083DF48 /* Preview Assets.xcassets in Resources */ = {isa = PBXBuildFile; fileRef = D8DCDDDF25F664450083DF48 /* Preview Assets.xcassets */; };
		D8DCDDEC25F664460083DF48 /* OverviewTests.swift in Sources */ = {isa = PBXBuildFile; fileRef = D8DCDDEB25F664460083DF48 /* OverviewTests.swift */; };
		D8DCDDF725F664460083DF48 /* OverviewUITests.swift in Sources */ = {isa = PBXBuildFile; fileRef = D8DCDDF625F664460083DF48 /* OverviewUITests.swift */; };
		D8DCDE0825F6F9410083DF48 /* MonthView.swift in Sources */ = {isa = PBXBuildFile; fileRef = D8DCDE0725F6F9410083DF48 /* MonthView.swift */; };
		D8DCDE0D25F6FC680083DF48 /* PlaceholderView.swift in Sources */ = {isa = PBXBuildFile; fileRef = D8DCDE0C25F6FC680083DF48 /* PlaceholderView.swift */; };
		D8DCDE1225F6FD060083DF48 /* YearView.swift in Sources */ = {isa = PBXBuildFile; fileRef = D8DCDE1125F6FD060083DF48 /* YearView.swift */; };
/* End PBXBuildFile section */

/* Begin PBXContainerItemProxy section */
		D8DCDDE825F664460083DF48 /* PBXContainerItemProxy */ = {
			isa = PBXContainerItemProxy;
			containerPortal = D8DCDDCD25F664440083DF48 /* Project object */;
			proxyType = 1;
			remoteGlobalIDString = D8DCDDD425F664440083DF48;
			remoteInfo = Where;
		};
		D8DCDDF325F664460083DF48 /* PBXContainerItemProxy */ = {
			isa = PBXContainerItemProxy;
			containerPortal = D8DCDDCD25F664440083DF48 /* Project object */;
			proxyType = 1;
			remoteGlobalIDString = D8DCDDD425F664440083DF48;
			remoteInfo = Where;
		};
/* End PBXContainerItemProxy section */

/* Begin PBXFileReference section */
		D81507DE25FD0D5300290DD2 /* Calendar.swift */ = {isa = PBXFileReference; lastKnownFileType = sourcecode.swift; path = Calendar.swift; sourceTree = "<group>"; };
		D81507E625FD8AF600290DD2 /* Manager.swift */ = {isa = PBXFileReference; lastKnownFileType = sourcecode.swift; path = Manager.swift; sourceTree = "<group>"; };
		D81507EB25FDB05100290DD2 /* EKEvent.swift */ = {isa = PBXFileReference; lastKnownFileType = sourcecode.swift; path = EKEvent.swift; sourceTree = "<group>"; };
		D81ABC26267530040067A5DE /* Debug.xcconfig */ = {isa = PBXFileReference; fileEncoding = 4; lastKnownFileType = text.xcconfig; path = Debug.xcconfig; sourceTree = "<group>"; };
		D81ABC27267530040067A5DE /* Release.xcconfig */ = {isa = PBXFileReference; fileEncoding = 4; lastKnownFileType = text.xcconfig; path = Release.xcconfig; sourceTree = "<group>"; };
		D81ABC28267530040067A5DE /* Common.xcconfig */ = {isa = PBXFileReference; fileEncoding = 4; lastKnownFileType = text.xcconfig; path = Common.xcconfig; sourceTree = "<group>"; };
		D832648428E8EAA300D1C1B7 /* Date.swift */ = {isa = PBXFileReference; lastKnownFileType = sourcecode.swift; path = Date.swift; sourceTree = "<group>"; };
		D832648728E8EBF300D1C1B7 /* DateRangeIterator.swift */ = {isa = PBXFileReference; lastKnownFileType = sourcecode.swift; path = DateRangeIterator.swift; sourceTree = "<group>"; };
		D8805D9526039D4D00C23C11 /* Int.swift */ = {isa = PBXFileReference; lastKnownFileType = sourcecode.swift; path = Int.swift; sourceTree = "<group>"; };
		D8805D9A26039DED00C23C11 /* CheckboxStyle.swift */ = {isa = PBXFileReference; lastKnownFileType = sourcecode.swift; path = CheckboxStyle.swift; sourceTree = "<group>"; };
		D8805D9F2603A0A700C23C11 /* EKEventStore.swift */ = {isa = PBXFileReference; lastKnownFileType = sourcecode.swift; path = EKEventStore.swift; sourceTree = "<group>"; };
		D8D3B3D328E7CAB000A610D4 /* diligence */ = {isa = PBXFileReference; lastKnownFileType = wrapper; name = diligence; path = ../diligence; sourceTree = "<group>"; };
		D8D3B3DA28E7D69700A610D4 /* overview-license */ = {isa = PBXFileReference; lastKnownFileType = text; path = "overview-license"; sourceTree = "<group>"; };
		D8DCDDD525F664440083DF48 /* Overview.app */ = {isa = PBXFileReference; explicitFileType = wrapper.application; includeInIndex = 0; path = Overview.app; sourceTree = BUILT_PRODUCTS_DIR; };
		D8DCDDD825F664440083DF48 /* OverviewApp.swift */ = {isa = PBXFileReference; lastKnownFileType = sourcecode.swift; path = OverviewApp.swift; sourceTree = "<group>"; };
		D8DCDDDA25F664440083DF48 /* ContentView.swift */ = {isa = PBXFileReference; lastKnownFileType = sourcecode.swift; path = ContentView.swift; sourceTree = "<group>"; };
		D8DCDDDC25F664450083DF48 /* Assets.xcassets */ = {isa = PBXFileReference; lastKnownFileType = folder.assetcatalog; path = Assets.xcassets; sourceTree = "<group>"; };
		D8DCDDDF25F664450083DF48 /* Preview Assets.xcassets */ = {isa = PBXFileReference; lastKnownFileType = folder.assetcatalog; path = "Preview Assets.xcassets"; sourceTree = "<group>"; };
		D8DCDDE125F664450083DF48 /* Info.plist */ = {isa = PBXFileReference; lastKnownFileType = text.plist.xml; path = Info.plist; sourceTree = "<group>"; };
		D8DCDDE225F664450083DF48 /* Overview.entitlements */ = {isa = PBXFileReference; lastKnownFileType = text.plist.entitlements; path = Overview.entitlements; sourceTree = "<group>"; };
		D8DCDDE725F664460083DF48 /* OverviewTests.xctest */ = {isa = PBXFileReference; explicitFileType = wrapper.cfbundle; includeInIndex = 0; path = OverviewTests.xctest; sourceTree = BUILT_PRODUCTS_DIR; };
		D8DCDDEB25F664460083DF48 /* OverviewTests.swift */ = {isa = PBXFileReference; lastKnownFileType = sourcecode.swift; path = OverviewTests.swift; sourceTree = "<group>"; };
		D8DCDDED25F664460083DF48 /* Info.plist */ = {isa = PBXFileReference; lastKnownFileType = text.plist.xml; path = Info.plist; sourceTree = "<group>"; };
		D8DCDDF225F664460083DF48 /* OverviewUITests.xctest */ = {isa = PBXFileReference; explicitFileType = wrapper.cfbundle; includeInIndex = 0; path = OverviewUITests.xctest; sourceTree = BUILT_PRODUCTS_DIR; };
		D8DCDDF625F664460083DF48 /* OverviewUITests.swift */ = {isa = PBXFileReference; lastKnownFileType = sourcecode.swift; path = OverviewUITests.swift; sourceTree = "<group>"; };
		D8DCDDF825F664460083DF48 /* Info.plist */ = {isa = PBXFileReference; lastKnownFileType = text.plist.xml; path = Info.plist; sourceTree = "<group>"; };
		D8DCDE0725F6F9410083DF48 /* MonthView.swift */ = {isa = PBXFileReference; lastKnownFileType = sourcecode.swift; path = MonthView.swift; sourceTree = "<group>"; };
		D8DCDE0C25F6FC680083DF48 /* PlaceholderView.swift */ = {isa = PBXFileReference; lastKnownFileType = sourcecode.swift; path = PlaceholderView.swift; sourceTree = "<group>"; };
		D8DCDE1125F6FD060083DF48 /* YearView.swift */ = {isa = PBXFileReference; lastKnownFileType = sourcecode.swift; path = YearView.swift; sourceTree = "<group>"; };
/* End PBXFileReference section */

/* Begin PBXFrameworksBuildPhase section */
		D8DCDDD225F664440083DF48 /* Frameworks */ = {
			isa = PBXFrameworksBuildPhase;
			buildActionMask = 2147483647;
			files = (
				D8D3B3D628E7CB8700A610D4 /* Diligence in Frameworks */,
			);
			runOnlyForDeploymentPostprocessing = 0;
		};
		D8DCDDE425F664460083DF48 /* Frameworks */ = {
			isa = PBXFrameworksBuildPhase;
			buildActionMask = 2147483647;
			files = (
			);
			runOnlyForDeploymentPostprocessing = 0;
		};
		D8DCDDEF25F664460083DF48 /* Frameworks */ = {
			isa = PBXFrameworksBuildPhase;
			buildActionMask = 2147483647;
			files = (
			);
			runOnlyForDeploymentPostprocessing = 0;
		};
/* End PBXFrameworksBuildPhase section */

/* Begin PBXGroup section */
		D81507DD25FD0D4900290DD2 /* Extensions */ = {
			isa = PBXGroup;
			children = (
				D81507DE25FD0D5300290DD2 /* Calendar.swift */,
				D832648428E8EAA300D1C1B7 /* Date.swift */,
				D81507EB25FDB05100290DD2 /* EKEvent.swift */,
				D8805D9F2603A0A700C23C11 /* EKEventStore.swift */,
				D8805D9526039D4D00C23C11 /* Int.swift */,
			);
			path = Extensions;
			sourceTree = "<group>";
		};
		D832648628E8EBDA00D1C1B7 /* Utilities */ = {
			isa = PBXGroup;
			children = (
				D832648728E8EBF300D1C1B7 /* DateRangeIterator.swift */,
			);
			path = Utilities;
			sourceTree = "<group>";
		};
		D8D3B3D228E7CAB000A610D4 /* Packages */ = {
			isa = PBXGroup;
			children = (
				D8D3B3D328E7CAB000A610D4 /* diligence */,
			);
			name = Packages;
			sourceTree = "<group>";
		};
		D8D3B3D428E7CB8700A610D4 /* Frameworks */ = {
			isa = PBXGroup;
			children = (
			);
			name = Frameworks;
			sourceTree = "<group>";
		};
		D8D3B3D928E7D68000A610D4 /* Licenses */ = {
			isa = PBXGroup;
			children = (
				D8D3B3DA28E7D69700A610D4 /* overview-license */,
			);
			path = Licenses;
			sourceTree = "<group>";
		};
		D8DCDDCC25F664440083DF48 = {
			isa = PBXGroup;
			children = (
				D8D3B3D228E7CAB000A610D4 /* Packages */,
				D81ABC28267530040067A5DE /* Common.xcconfig */,
				D81ABC26267530040067A5DE /* Debug.xcconfig */,
				D81ABC27267530040067A5DE /* Release.xcconfig */,
				D8DCDDD725F664440083DF48 /* Overview */,
				D8DCDDEA25F664460083DF48 /* OverviewTests */,
				D8DCDDF525F664460083DF48 /* OverviewUITests */,
				D8DCDDD625F664440083DF48 /* Products */,
				D8D3B3D428E7CB8700A610D4 /* Frameworks */,
			);
			sourceTree = "<group>";
		};
		D8DCDDD625F664440083DF48 /* Products */ = {
			isa = PBXGroup;
			children = (
				D8DCDDD525F664440083DF48 /* Overview.app */,
				D8DCDDE725F664460083DF48 /* OverviewTests.xctest */,
				D8DCDDF225F664460083DF48 /* OverviewUITests.xctest */,
			);
			name = Products;
			sourceTree = "<group>";
		};
		D8DCDDD725F664440083DF48 /* Overview */ = {
			isa = PBXGroup;
			children = (
				D8DCDDE225F664450083DF48 /* Overview.entitlements */,
				D8DCDDE125F664450083DF48 /* Info.plist */,
				D81507E625FD8AF600290DD2 /* Manager.swift */,
				D8DCDDD825F664440083DF48 /* OverviewApp.swift */,
				D8DCDDDC25F664450083DF48 /* Assets.xcassets */,
				D81507DD25FD0D4900290DD2 /* Extensions */,
				D8DCDE1625F6FFB10083DF48 /* Interface */,
				D8D3B3D928E7D68000A610D4 /* Licenses */,
				D8DCDDDE25F664450083DF48 /* Preview Content */,
				D832648628E8EBDA00D1C1B7 /* Utilities */,
			);
			path = Overview;
			sourceTree = "<group>";
		};
		D8DCDDDE25F664450083DF48 /* Preview Content */ = {
			isa = PBXGroup;
			children = (
				D8DCDDDF25F664450083DF48 /* Preview Assets.xcassets */,
			);
			path = "Preview Content";
			sourceTree = "<group>";
		};
		D8DCDDEA25F664460083DF48 /* OverviewTests */ = {
			isa = PBXGroup;
			children = (
				D8DCDDEB25F664460083DF48 /* OverviewTests.swift */,
				D8DCDDED25F664460083DF48 /* Info.plist */,
			);
			path = OverviewTests;
			sourceTree = "<group>";
		};
		D8DCDDF525F664460083DF48 /* OverviewUITests */ = {
			isa = PBXGroup;
			children = (
				D8DCDDF625F664460083DF48 /* OverviewUITests.swift */,
				D8DCDDF825F664460083DF48 /* Info.plist */,
			);
			path = OverviewUITests;
			sourceTree = "<group>";
		};
		D8DCDE1625F6FFB10083DF48 /* Interface */ = {
			isa = PBXGroup;
			children = (
				D8805D9A26039DED00C23C11 /* CheckboxStyle.swift */,
				D8DCDDDA25F664440083DF48 /* ContentView.swift */,
				D8DCDE0725F6F9410083DF48 /* MonthView.swift */,
				D8DCDE0C25F6FC680083DF48 /* PlaceholderView.swift */,
				D8DCDE1125F6FD060083DF48 /* YearView.swift */,
			);
			path = Interface;
			sourceTree = "<group>";
		};
/* End PBXGroup section */

/* Begin PBXNativeTarget section */
		D8DCDDD425F664440083DF48 /* Overview */ = {
			isa = PBXNativeTarget;
			buildConfigurationList = D8DCDDFB25F664460083DF48 /* Build configuration list for PBXNativeTarget "Overview" */;
			buildPhases = (
				D8DCDDD125F664440083DF48 /* Sources */,
				D8DCDDD225F664440083DF48 /* Frameworks */,
				D8DCDDD325F664440083DF48 /* Resources */,
			);
			buildRules = (
			);
			dependencies = (
			);
			name = Overview;
			packageProductDependencies = (
				D8D3B3D528E7CB8700A610D4 /* Diligence */,
			);
			productName = Where;
			productReference = D8DCDDD525F664440083DF48 /* Overview.app */;
			productType = "com.apple.product-type.application";
		};
		D8DCDDE625F664460083DF48 /* OverviewTests */ = {
			isa = PBXNativeTarget;
			buildConfigurationList = D8DCDDFE25F664460083DF48 /* Build configuration list for PBXNativeTarget "OverviewTests" */;
			buildPhases = (
				D8DCDDE325F664460083DF48 /* Sources */,
				D8DCDDE425F664460083DF48 /* Frameworks */,
				D8DCDDE525F664460083DF48 /* Resources */,
			);
			buildRules = (
			);
			dependencies = (
				D8DCDDE925F664460083DF48 /* PBXTargetDependency */,
			);
			name = OverviewTests;
			productName = WhereTests;
			productReference = D8DCDDE725F664460083DF48 /* OverviewTests.xctest */;
			productType = "com.apple.product-type.bundle.unit-test";
		};
		D8DCDDF125F664460083DF48 /* OverviewUITests */ = {
			isa = PBXNativeTarget;
			buildConfigurationList = D8DCDE0125F664460083DF48 /* Build configuration list for PBXNativeTarget "OverviewUITests" */;
			buildPhases = (
				D8DCDDEE25F664460083DF48 /* Sources */,
				D8DCDDEF25F664460083DF48 /* Frameworks */,
				D8DCDDF025F664460083DF48 /* Resources */,
			);
			buildRules = (
			);
			dependencies = (
				D8DCDDF425F664460083DF48 /* PBXTargetDependency */,
			);
			name = OverviewUITests;
			productName = WhereUITests;
			productReference = D8DCDDF225F664460083DF48 /* OverviewUITests.xctest */;
			productType = "com.apple.product-type.bundle.ui-testing";
		};
/* End PBXNativeTarget section */

/* Begin PBXProject section */
		D8DCDDCD25F664440083DF48 /* Project object */ = {
			isa = PBXProject;
			attributes = {
				LastSwiftUpdateCheck = 1240;
				LastUpgradeCheck = 1240;
				TargetAttributes = {
					D8DCDDD425F664440083DF48 = {
						CreatedOnToolsVersion = 12.4;
					};
					D8DCDDE625F664460083DF48 = {
						CreatedOnToolsVersion = 12.4;
						TestTargetID = D8DCDDD425F664440083DF48;
					};
					D8DCDDF125F664460083DF48 = {
						CreatedOnToolsVersion = 12.4;
						TestTargetID = D8DCDDD425F664440083DF48;
					};
				};
			};
			buildConfigurationList = D8DCDDD025F664440083DF48 /* Build configuration list for PBXProject "Overview" */;
			compatibilityVersion = "Xcode 9.3";
			developmentRegion = en;
			hasScannedForEncodings = 0;
			knownRegions = (
				en,
				Base,
			);
			mainGroup = D8DCDDCC25F664440083DF48;
			productRefGroup = D8DCDDD625F664440083DF48 /* Products */;
			projectDirPath = "";
			projectRoot = "";
			targets = (
				D8DCDDD425F664440083DF48 /* Overview */,
				D8DCDDE625F664460083DF48 /* OverviewTests */,
				D8DCDDF125F664460083DF48 /* OverviewUITests */,
			);
		};
/* End PBXProject section */

/* Begin PBXResourcesBuildPhase section */
		D8DCDDD325F664440083DF48 /* Resources */ = {
			isa = PBXResourcesBuildPhase;
			buildActionMask = 2147483647;
			files = (
				D81ABC2B267530040067A5DE /* Common.xcconfig in Resources */,
				D81ABC2A267530040067A5DE /* Release.xcconfig in Resources */,
				D8DCDDE025F664450083DF48 /* Preview Assets.xcassets in Resources */,
				D8D3B3DB28E7D6EF00A610D4 /* overview-license in Resources */,
				D8DCDDDD25F664450083DF48 /* Assets.xcassets in Resources */,
				D81ABC29267530040067A5DE /* Debug.xcconfig in Resources */,
			);
			runOnlyForDeploymentPostprocessing = 0;
		};
		D8DCDDE525F664460083DF48 /* Resources */ = {
			isa = PBXResourcesBuildPhase;
			buildActionMask = 2147483647;
			files = (
			);
			runOnlyForDeploymentPostprocessing = 0;
		};
		D8DCDDF025F664460083DF48 /* Resources */ = {
			isa = PBXResourcesBuildPhase;
			buildActionMask = 2147483647;
			files = (
			);
			runOnlyForDeploymentPostprocessing = 0;
		};
/* End PBXResourcesBuildPhase section */

/* Begin PBXSourcesBuildPhase section */
		D8DCDDD125F664440083DF48 /* Sources */ = {
			isa = PBXSourcesBuildPhase;
			buildActionMask = 2147483647;
			files = (
				D8DCDDDB25F664440083DF48 /* ContentView.swift in Sources */,
				D81507DF25FD0D5300290DD2 /* Calendar.swift in Sources */,
				D81507EC25FDB05100290DD2 /* EKEvent.swift in Sources */,
				D8DCDE0825F6F9410083DF48 /* MonthView.swift in Sources */,
				D8DCDE1225F6FD060083DF48 /* YearView.swift in Sources */,
				D8805DA02603A0A700C23C11 /* EKEventStore.swift in Sources */,
				D81507E725FD8AF600290DD2 /* Manager.swift in Sources */,
				D832648528E8EAA300D1C1B7 /* Date.swift in Sources */,
				D8805D9626039D4D00C23C11 /* Int.swift in Sources */,
				D8DCDE0D25F6FC680083DF48 /* PlaceholderView.swift in Sources */,
				D832648828E8EBF300D1C1B7 /* DateRangeIterator.swift in Sources */,
				D8805D9B26039DED00C23C11 /* CheckboxStyle.swift in Sources */,
				D8DCDDD925F664440083DF48 /* OverviewApp.swift in Sources */,
			);
			runOnlyForDeploymentPostprocessing = 0;
		};
		D8DCDDE325F664460083DF48 /* Sources */ = {
			isa = PBXSourcesBuildPhase;
			buildActionMask = 2147483647;
			files = (
				D8DCDDEC25F664460083DF48 /* OverviewTests.swift in Sources */,
			);
			runOnlyForDeploymentPostprocessing = 0;
		};
		D8DCDDEE25F664460083DF48 /* Sources */ = {
			isa = PBXSourcesBuildPhase;
			buildActionMask = 2147483647;
			files = (
				D8DCDDF725F664460083DF48 /* OverviewUITests.swift in Sources */,
			);
			runOnlyForDeploymentPostprocessing = 0;
		};
/* End PBXSourcesBuildPhase section */

/* Begin PBXTargetDependency section */
		D8DCDDE925F664460083DF48 /* PBXTargetDependency */ = {
			isa = PBXTargetDependency;
			target = D8DCDDD425F664440083DF48 /* Overview */;
			targetProxy = D8DCDDE825F664460083DF48 /* PBXContainerItemProxy */;
		};
		D8DCDDF425F664460083DF48 /* PBXTargetDependency */ = {
			isa = PBXTargetDependency;
			target = D8DCDDD425F664440083DF48 /* Overview */;
			targetProxy = D8DCDDF325F664460083DF48 /* PBXContainerItemProxy */;
		};
/* End PBXTargetDependency section */

/* Begin XCBuildConfiguration section */
		D8DCDDF925F664460083DF48 /* Debug */ = {
			isa = XCBuildConfiguration;
			buildSettings = {
				ALWAYS_SEARCH_USER_PATHS = NO;
				CLANG_ANALYZER_NONNULL = YES;
				CLANG_ANALYZER_NUMBER_OBJECT_CONVERSION = YES_AGGRESSIVE;
				CLANG_CXX_LANGUAGE_STANDARD = "gnu++14";
				CLANG_CXX_LIBRARY = "libc++";
				CLANG_ENABLE_MODULES = YES;
				CLANG_ENABLE_OBJC_ARC = YES;
				CLANG_ENABLE_OBJC_WEAK = YES;
				CLANG_WARN_BLOCK_CAPTURE_AUTORELEASING = YES;
				CLANG_WARN_BOOL_CONVERSION = YES;
				CLANG_WARN_COMMA = YES;
				CLANG_WARN_CONSTANT_CONVERSION = YES;
				CLANG_WARN_DEPRECATED_OBJC_IMPLEMENTATIONS = YES;
				CLANG_WARN_DIRECT_OBJC_ISA_USAGE = YES_ERROR;
				CLANG_WARN_DOCUMENTATION_COMMENTS = YES;
				CLANG_WARN_EMPTY_BODY = YES;
				CLANG_WARN_ENUM_CONVERSION = YES;
				CLANG_WARN_INFINITE_RECURSION = YES;
				CLANG_WARN_INT_CONVERSION = YES;
				CLANG_WARN_NON_LITERAL_NULL_CONVERSION = YES;
				CLANG_WARN_OBJC_IMPLICIT_RETAIN_SELF = YES;
				CLANG_WARN_OBJC_LITERAL_CONVERSION = YES;
				CLANG_WARN_OBJC_ROOT_CLASS = YES_ERROR;
				CLANG_WARN_QUOTED_INCLUDE_IN_FRAMEWORK_HEADER = YES;
				CLANG_WARN_RANGE_LOOP_ANALYSIS = YES;
				CLANG_WARN_STRICT_PROTOTYPES = YES;
				CLANG_WARN_SUSPICIOUS_MOVE = YES;
				CLANG_WARN_UNGUARDED_AVAILABILITY = YES_AGGRESSIVE;
				CLANG_WARN_UNREACHABLE_CODE = YES;
				CLANG_WARN__DUPLICATE_METHOD_MATCH = YES;
				COPY_PHASE_STRIP = NO;
				DEBUG_INFORMATION_FORMAT = dwarf;
				ENABLE_STRICT_OBJC_MSGSEND = YES;
				ENABLE_TESTABILITY = YES;
				GCC_C_LANGUAGE_STANDARD = gnu11;
				GCC_DYNAMIC_NO_PIC = NO;
				GCC_NO_COMMON_BLOCKS = YES;
				GCC_OPTIMIZATION_LEVEL = 0;
				GCC_PREPROCESSOR_DEFINITIONS = (
					"DEBUG=1",
					"$(inherited)",
				);
				GCC_WARN_64_TO_32_BIT_CONVERSION = YES;
				GCC_WARN_ABOUT_RETURN_TYPE = YES_ERROR;
				GCC_WARN_UNDECLARED_SELECTOR = YES;
				GCC_WARN_UNINITIALIZED_AUTOS = YES_AGGRESSIVE;
				GCC_WARN_UNUSED_FUNCTION = YES;
				GCC_WARN_UNUSED_VARIABLE = YES;
				MACOSX_DEPLOYMENT_TARGET = 13.0;
				MTL_ENABLE_DEBUG_INFO = INCLUDE_SOURCE;
				MTL_FAST_MATH = YES;
				ONLY_ACTIVE_ARCH = YES;
				SDKROOT = macosx;
				SWIFT_ACTIVE_COMPILATION_CONDITIONS = DEBUG;
				SWIFT_OPTIMIZATION_LEVEL = "-Onone";
			};
			name = Debug;
		};
		D8DCDDFA25F664460083DF48 /* Release */ = {
			isa = XCBuildConfiguration;
			buildSettings = {
				ALWAYS_SEARCH_USER_PATHS = NO;
				CLANG_ANALYZER_NONNULL = YES;
				CLANG_ANALYZER_NUMBER_OBJECT_CONVERSION = YES_AGGRESSIVE;
				CLANG_CXX_LANGUAGE_STANDARD = "gnu++14";
				CLANG_CXX_LIBRARY = "libc++";
				CLANG_ENABLE_MODULES = YES;
				CLANG_ENABLE_OBJC_ARC = YES;
				CLANG_ENABLE_OBJC_WEAK = YES;
				CLANG_WARN_BLOCK_CAPTURE_AUTORELEASING = YES;
				CLANG_WARN_BOOL_CONVERSION = YES;
				CLANG_WARN_COMMA = YES;
				CLANG_WARN_CONSTANT_CONVERSION = YES;
				CLANG_WARN_DEPRECATED_OBJC_IMPLEMENTATIONS = YES;
				CLANG_WARN_DIRECT_OBJC_ISA_USAGE = YES_ERROR;
				CLANG_WARN_DOCUMENTATION_COMMENTS = YES;
				CLANG_WARN_EMPTY_BODY = YES;
				CLANG_WARN_ENUM_CONVERSION = YES;
				CLANG_WARN_INFINITE_RECURSION = YES;
				CLANG_WARN_INT_CONVERSION = YES;
				CLANG_WARN_NON_LITERAL_NULL_CONVERSION = YES;
				CLANG_WARN_OBJC_IMPLICIT_RETAIN_SELF = YES;
				CLANG_WARN_OBJC_LITERAL_CONVERSION = YES;
				CLANG_WARN_OBJC_ROOT_CLASS = YES_ERROR;
				CLANG_WARN_QUOTED_INCLUDE_IN_FRAMEWORK_HEADER = YES;
				CLANG_WARN_RANGE_LOOP_ANALYSIS = YES;
				CLANG_WARN_STRICT_PROTOTYPES = YES;
				CLANG_WARN_SUSPICIOUS_MOVE = YES;
				CLANG_WARN_UNGUARDED_AVAILABILITY = YES_AGGRESSIVE;
				CLANG_WARN_UNREACHABLE_CODE = YES;
				CLANG_WARN__DUPLICATE_METHOD_MATCH = YES;
				COPY_PHASE_STRIP = NO;
				DEBUG_INFORMATION_FORMAT = "dwarf-with-dsym";
				ENABLE_NS_ASSERTIONS = NO;
				ENABLE_STRICT_OBJC_MSGSEND = YES;
				GCC_C_LANGUAGE_STANDARD = gnu11;
				GCC_NO_COMMON_BLOCKS = YES;
				GCC_WARN_64_TO_32_BIT_CONVERSION = YES;
				GCC_WARN_ABOUT_RETURN_TYPE = YES_ERROR;
				GCC_WARN_UNDECLARED_SELECTOR = YES;
				GCC_WARN_UNINITIALIZED_AUTOS = YES_AGGRESSIVE;
				GCC_WARN_UNUSED_FUNCTION = YES;
				GCC_WARN_UNUSED_VARIABLE = YES;
				MACOSX_DEPLOYMENT_TARGET = 13.0;
				MTL_ENABLE_DEBUG_INFO = NO;
				MTL_FAST_MATH = YES;
				SDKROOT = macosx;
				SWIFT_COMPILATION_MODE = wholemodule;
				SWIFT_OPTIMIZATION_LEVEL = "-O";
			};
			name = Release;
		};
		D8DCDDFC25F664460083DF48 /* Debug */ = {
			isa = XCBuildConfiguration;
			baseConfigurationReference = D81ABC26267530040067A5DE /* Debug.xcconfig */;
			buildSettings = {
				ASSETCATALOG_COMPILER_APPICON_NAME = AppIcon;
				ASSETCATALOG_COMPILER_GLOBAL_ACCENT_COLOR_NAME = AccentColor;
				CODE_SIGN_ENTITLEMENTS = Overview/Overview.entitlements;
				CODE_SIGN_STYLE = Automatic;
				COMBINE_HIDPI_IMAGES = YES;
				CURRENT_PROJECT_VERSION = $BUILD_NUMBER;
				DEVELOPMENT_ASSET_PATHS = "\"Overview/Preview Content\"";
				DEVELOPMENT_TEAM = S4WXAUZQEV;
				ENABLE_HARDENED_RUNTIME = YES;
				ENABLE_PREVIEWS = YES;
				INFOPLIST_FILE = Overview/Info.plist;
				LD_RUNPATH_SEARCH_PATHS = (
					"$(inherited)",
					"@executable_path/../Frameworks",
				);
				MARKETING_VERSION = 0.1;
				PRODUCT_BUNDLE_IDENTIFIER = uk.co.inseven.overview;
				PRODUCT_NAME = "$(TARGET_NAME)";
				SWIFT_VERSION = 5.0;
			};
			name = Debug;
		};
		D8DCDDFD25F664460083DF48 /* Release */ = {
			isa = XCBuildConfiguration;
			baseConfigurationReference = D81ABC27267530040067A5DE /* Release.xcconfig */;
			buildSettings = {
				ASSETCATALOG_COMPILER_APPICON_NAME = AppIcon;
				ASSETCATALOG_COMPILER_GLOBAL_ACCENT_COLOR_NAME = AccentColor;
				CODE_SIGN_ENTITLEMENTS = Overview/Overview.entitlements;
				CODE_SIGN_IDENTITY = "Developer ID Application";
				CODE_SIGN_STYLE = Manual;
				COMBINE_HIDPI_IMAGES = YES;
				CURRENT_PROJECT_VERSION = $BUILD_NUMBER;
				DEVELOPMENT_ASSET_PATHS = "\"Overview/Preview Content\"";
				DEVELOPMENT_TEAM = S4WXAUZQEV;
				ENABLE_HARDENED_RUNTIME = YES;
				ENABLE_PREVIEWS = YES;
				INFOPLIST_FILE = Overview/Info.plist;
				LD_RUNPATH_SEARCH_PATHS = (
					"$(inherited)",
					"@executable_path/../Frameworks",
				);
				MARKETING_VERSION = 0.1;
				PRODUCT_BUNDLE_IDENTIFIER = uk.co.inseven.overview;
				PRODUCT_NAME = "$(TARGET_NAME)";
				PROVISIONING_PROFILE_SPECIFIER = "";
				SWIFT_VERSION = 5.0;
			};
			name = Release;
		};
		D8DCDDFF25F664460083DF48 /* Debug */ = {
			isa = XCBuildConfiguration;
			buildSettings = {
				ALWAYS_EMBED_SWIFT_STANDARD_LIBRARIES = YES;
				BUNDLE_LOADER = "$(TEST_HOST)";
				CODE_SIGN_STYLE = Automatic;
				COMBINE_HIDPI_IMAGES = YES;
				DEVELOPMENT_TEAM = S4WXAUZQEV;
				INFOPLIST_FILE = OverviewTests/Info.plist;
				LD_RUNPATH_SEARCH_PATHS = (
					"$(inherited)",
					"@executable_path/../Frameworks",
					"@loader_path/../Frameworks",
				);
				PRODUCT_BUNDLE_IDENTIFIER = uk.co.inseven.OverviewTests;
				PRODUCT_NAME = "$(TARGET_NAME)";
				SWIFT_VERSION = 5.0;
				TEST_HOST = "$(BUILT_PRODUCTS_DIR)/Overview.app/Contents/MacOS/Overview";
			};
			name = Debug;
		};
		D8DCDE0025F664460083DF48 /* Release */ = {
			isa = XCBuildConfiguration;
			buildSettings = {
				ALWAYS_EMBED_SWIFT_STANDARD_LIBRARIES = YES;
				BUNDLE_LOADER = "$(TEST_HOST)";
				CODE_SIGN_STYLE = Automatic;
				COMBINE_HIDPI_IMAGES = YES;
				DEVELOPMENT_TEAM = S4WXAUZQEV;
				INFOPLIST_FILE = OverviewTests/Info.plist;
				LD_RUNPATH_SEARCH_PATHS = (
					"$(inherited)",
					"@executable_path/../Frameworks",
					"@loader_path/../Frameworks",
				);
				PRODUCT_BUNDLE_IDENTIFIER = uk.co.inseven.OverviewTests;
				PRODUCT_NAME = "$(TARGET_NAME)";
				SWIFT_VERSION = 5.0;
				TEST_HOST = "$(BUILT_PRODUCTS_DIR)/Overview.app/Contents/MacOS/Overview";
			};
			name = Release;
		};
		D8DCDE0225F664460083DF48 /* Debug */ = {
			isa = XCBuildConfiguration;
			buildSettings = {
				ALWAYS_EMBED_SWIFT_STANDARD_LIBRARIES = YES;
				CODE_SIGN_STYLE = Automatic;
				COMBINE_HIDPI_IMAGES = YES;
				DEVELOPMENT_TEAM = S4WXAUZQEV;
				INFOPLIST_FILE = OverviewUITests/Info.plist;
				LD_RUNPATH_SEARCH_PATHS = (
					"$(inherited)",
					"@executable_path/../Frameworks",
					"@loader_path/../Frameworks",
				);
				PRODUCT_BUNDLE_IDENTIFIER = uk.co.inseven.OverviewUITests;
				PRODUCT_NAME = "$(TARGET_NAME)";
				SWIFT_VERSION = 5.0;
				TEST_TARGET_NAME = Overview;
			};
			name = Debug;
		};
		D8DCDE0325F664460083DF48 /* Release */ = {
			isa = XCBuildConfiguration;
			buildSettings = {
				ALWAYS_EMBED_SWIFT_STANDARD_LIBRARIES = YES;
				CODE_SIGN_STYLE = Automatic;
				COMBINE_HIDPI_IMAGES = YES;
				DEVELOPMENT_TEAM = S4WXAUZQEV;
				INFOPLIST_FILE = OverviewUITests/Info.plist;
				LD_RUNPATH_SEARCH_PATHS = (
					"$(inherited)",
					"@executable_path/../Frameworks",
					"@loader_path/../Frameworks",
				);
				PRODUCT_BUNDLE_IDENTIFIER = uk.co.inseven.OverviewUITests;
				PRODUCT_NAME = "$(TARGET_NAME)";
				SWIFT_VERSION = 5.0;
				TEST_TARGET_NAME = Overview;
			};
			name = Release;
		};
/* End XCBuildConfiguration section */

/* Begin XCConfigurationList section */
		D8DCDDD025F664440083DF48 /* Build configuration list for PBXProject "Overview" */ = {
			isa = XCConfigurationList;
			buildConfigurations = (
				D8DCDDF925F664460083DF48 /* Debug */,
				D8DCDDFA25F664460083DF48 /* Release */,
			);
			defaultConfigurationIsVisible = 0;
			defaultConfigurationName = Release;
		};
		D8DCDDFB25F664460083DF48 /* Build configuration list for PBXNativeTarget "Overview" */ = {
			isa = XCConfigurationList;
			buildConfigurations = (
				D8DCDDFC25F664460083DF48 /* Debug */,
				D8DCDDFD25F664460083DF48 /* Release */,
			);
			defaultConfigurationIsVisible = 0;
			defaultConfigurationName = Release;
		};
		D8DCDDFE25F664460083DF48 /* Build configuration list for PBXNativeTarget "OverviewTests" */ = {
			isa = XCConfigurationList;
			buildConfigurations = (
				D8DCDDFF25F664460083DF48 /* Debug */,
				D8DCDE0025F664460083DF48 /* Release */,
			);
			defaultConfigurationIsVisible = 0;
			defaultConfigurationName = Release;
		};
		D8DCDE0125F664460083DF48 /* Build configuration list for PBXNativeTarget "OverviewUITests" */ = {
			isa = XCConfigurationList;
			buildConfigurations = (
				D8DCDE0225F664460083DF48 /* Debug */,
				D8DCDE0325F664460083DF48 /* Release */,
			);
			defaultConfigurationIsVisible = 0;
			defaultConfigurationName = Release;
		};
/* End XCConfigurationList section */

/* Begin XCSwiftPackageProductDependency section */
		D8D3B3D528E7CB8700A610D4 /* Diligence */ = {
			isa = XCSwiftPackageProductDependency;
			productName = Diligence;
		};
/* End XCSwiftPackageProductDependency section */
	};
	rootObject = D8DCDDCD25F664440083DF48 /* Project object */;
}
